{
  "requires": true,
  "lockfileVersion": 1,
  "dependencies": {
    "particle.js": {
      "version": "1.0.7",
      "resolved": "https://registry.npmjs.org/particle.js/-/particle.js-1.0.7.tgz",
      "integrity": "sha1-2OLTnf25JY/v/LtnuGruu4/DF9c="
    },
    "particles.js": {
      "version": "2.0.0",
      "resolved": "https://registry.npmjs.org/particles.js/-/particles.js-2.0.0.tgz",
      "integrity": "sha1-IThsQyjWx/lngKIB6W7t/AnHNvY="
    }
  }
}
